
Microsoft Visual Studio Solution File, Format Version 12.00
# Visual Studio Version 17
VisualStudioVersion = 17.0.31903.59
MinimumVisualStudioVersion = 10.0.40219.1
Project("{FAE04EC0-301F-11D3-BF4B-00C04F79EFBC}") = "indexer", "indexer\indexer.csproj", "{C0666E64-C297-4ED5-88AE-5B503B017B56}"
EndProject
Project("{FAE04EC0-301F-11D3-BF4B-00C04F79EFBC}") = "linq", "linq\linq.csproj", "{D4AA70F4-FD83-4410-BE32-B5BC0DDF792A}"
EndProject
Global
	GlobalSection(SolutionConfigurationPlatforms) = preSolution
		Debug|Any CPU = Debug|Any CPU
		Release|Any CPU = Release|Any CPU
	EndGlobalSection
	GlobalSection(SolutionProperties) = preSolution
		HideSolutionNode = FALSE
	EndGlobalSection
	GlobalSection(ProjectConfigurationPlatforms) = postSolution
		{C0666E64-C297-4ED5-88AE-5B503B017B56}.Debug|Any CPU.ActiveCfg = Debug|Any CPU
		{C0666E64-C297-4ED5-88AE-5B503B017B56}.Debug|Any CPU.Build.0 = Debug|Any CPU
		{C0666E64-C297-4ED5-88AE-5B503B017B56}.Release|Any CPU.ActiveCfg = Release|Any CPU
		{C0666E64-C297-4ED5-88AE-5B503B017B56}.Release|Any CPU.Build.0 = Release|Any CPU
		{D4AA70F4-FD83-4410-BE32-B5BC0DDF792A}.Debug|Any CPU.ActiveCfg = Debug|Any CPU
		{D4AA70F4-FD83-4410-BE32-B5BC0DDF792A}.Debug|Any CPU.Build.0 = Debug|Any CPU
		{D4AA70F4-FD83-4410-BE32-B5BC0DDF792A}.Release|Any CPU.ActiveCfg = Release|Any CPU
		{D4AA70F4-FD83-4410-BE32-B5BC0DDF792A}.Release|Any CPU.Build.0 = Release|Any CPU
	EndGlobalSection
EndGlobal
